// !$*UTF8*$!
{
	archiveVersion = 1;
	classes = {
	};
	objectVersion = 50;
	objects = {

/* Begin PBXBuildFile section */
		11A73B942450AB1200063119 /* MyPlanets.swift in Sources */ = {isa = PBXBuildFile; fileRef = 11A73B932450AB1200063119 /* MyPlanets.swift */; };
		11A73B962450AB5900063119 /* Resources.swift in Sources */ = {isa = PBXBuildFile; fileRef = 11A73B952450AB5900063119 /* Resources.swift */; };
		11A73B982450AB7100063119 /* Market.swift in Sources */ = {isa = PBXBuildFile; fileRef = 11A73B972450AB7100063119 /* Market.swift */; };
		11A73B9A2450AB8700063119 /* Profile.swift in Sources */ = {isa = PBXBuildFile; fileRef = 11A73B992450AB8700063119 /* Profile.swift */; };
		11EDE7612443492D008DC504 /* AppDelegate.swift in Sources */ = {isa = PBXBuildFile; fileRef = 11EDE7602443492D008DC504 /* AppDelegate.swift */; };
		11EDE7632443492D008DC504 /* SceneDelegate.swift in Sources */ = {isa = PBXBuildFile; fileRef = 11EDE7622443492D008DC504 /* SceneDelegate.swift */; };
		11EDE7652443492D008DC504 /* ContentView.swift in Sources */ = {isa = PBXBuildFile; fileRef = 11EDE7642443492D008DC504 /* ContentView.swift */; };
		11EDE7672443492E008DC504 /* Assets.xcassets in Resources */ = {isa = PBXBuildFile; fileRef = 11EDE7662443492E008DC504 /* Assets.xcassets */; };
		11EDE76A2443492E008DC504 /* Preview Assets.xcassets in Resources */ = {isa = PBXBuildFile; fileRef = 11EDE7692443492E008DC504 /* Preview Assets.xcassets */; };
		11EDE76D2443492E008DC504 /* LaunchScreen.storyboard in Resources */ = {isa = PBXBuildFile; fileRef = 11EDE76B2443492E008DC504 /* LaunchScreen.storyboard */; };
		11EDE77624434A46008DC504 /* SharedCode.framework in Frameworks */ = {isa = PBXBuildFile; fileRef = 11EDE77524434A46008DC504 /* SharedCode.framework */; };
		11EDE77724434A46008DC504 /* SharedCode.framework in Embed Frameworks */ = {isa = PBXBuildFile; fileRef = 11EDE77524434A46008DC504 /* SharedCode.framework */; settings = {ATTRIBUTES = (CodeSignOnCopy, RemoveHeadersOnCopy, ); }; };
/* End PBXBuildFile section */

/* Begin PBXCopyFilesBuildPhase section */
		11EDE77824434A46008DC504 /* Embed Frameworks */ = {
			isa = PBXCopyFilesBuildPhase;
			buildActionMask = 2147483647;
			dstPath = "";
			dstSubfolderSpec = 10;
			files = (
				11EDE77724434A46008DC504 /* SharedCode.framework in Embed Frameworks */,
			);
			name = "Embed Frameworks";
			runOnlyForDeploymentPostprocessing = 0;
		};
/* End PBXCopyFilesBuildPhase section */

/* Begin PBXFileReference section */
		11A73B932450AB1200063119 /* MyPlanets.swift */ = {isa = PBXFileReference; lastKnownFileType = sourcecode.swift; path = MyPlanets.swift; sourceTree = "<group>"; };
		11A73B952450AB5900063119 /* Resources.swift */ = {isa = PBXFileReference; lastKnownFileType = sourcecode.swift; path = Resources.swift; sourceTree = "<group>"; };
		11A73B972450AB7100063119 /* Market.swift */ = {isa = PBXFileReference; lastKnownFileType = sourcecode.swift; path = Market.swift; sourceTree = "<group>"; };
		11A73B992450AB8700063119 /* Profile.swift */ = {isa = PBXFileReference; lastKnownFileType = sourcecode.swift; path = Profile.swift; sourceTree = "<group>"; };
		11EDE75D2443492D008DC504 /* Planetary Manager.app */ = {isa = PBXFileReference; explicitFileType = wrapper.application; includeInIndex = 0; path = "Planetary Manager.app"; sourceTree = BUILT_PRODUCTS_DIR; };
		11EDE7602443492D008DC504 /* AppDelegate.swift */ = {isa = PBXFileReference; lastKnownFileType = sourcecode.swift; path = AppDelegate.swift; sourceTree = "<group>"; };
		11EDE7622443492D008DC504 /* SceneDelegate.swift */ = {isa = PBXFileReference; lastKnownFileType = sourcecode.swift; path = SceneDelegate.swift; sourceTree = "<group>"; };
		11EDE7642443492D008DC504 /* ContentView.swift */ = {isa = PBXFileReference; lastKnownFileType = sourcecode.swift; path = ContentView.swift; sourceTree = "<group>"; };
		11EDE7662443492E008DC504 /* Assets.xcassets */ = {isa = PBXFileReference; lastKnownFileType = folder.assetcatalog; path = Assets.xcassets; sourceTree = "<group>"; };
		11EDE7692443492E008DC504 /* Preview Assets.xcassets */ = {isa = PBXFileReference; lastKnownFileType = folder.assetcatalog; path = "Preview Assets.xcassets"; sourceTree = "<group>"; };
		11EDE76C2443492E008DC504 /* Base */ = {isa = PBXFileReference; lastKnownFileType = file.storyboard; name = Base; path = Base.lproj/LaunchScreen.storyboard; sourceTree = "<group>"; };
		11EDE76E2443492E008DC504 /* Info.plist */ = {isa = PBXFileReference; lastKnownFileType = text.plist.xml; path = Info.plist; sourceTree = "<group>"; };
		11EDE77524434A46008DC504 /* SharedCode.framework */ = {isa = PBXFileReference; lastKnownFileType = wrapper.framework; name = SharedCode.framework; path = "../../SharedCode/build/xcode-frameworks/SharedCode.framework"; sourceTree = "<group>"; };
/* End PBXFileReference section */

/* Begin PBXFrameworksBuildPhase section */
		11EDE75A2443492D008DC504 /* Frameworks */ = {
			isa = PBXFrameworksBuildPhase;
			buildActionMask = 2147483647;
			files = (
				11EDE77624434A46008DC504 /* SharedCode.framework in Frameworks */,
			);
			runOnlyForDeploymentPostprocessing = 0;
		};
/* End PBXFrameworksBuildPhase section */

/* Begin PBXGroup section */
		11A73B902450AAE700063119 /* tabs */ = {
			isa = PBXGroup;
			children = (
				11A73B932450AB1200063119 /* MyPlanets.swift */,
				11A73B952450AB5900063119 /* Resources.swift */,
				11A73B972450AB7100063119 /* Market.swift */,
				11A73B992450AB8700063119 /* Profile.swift */,
			);
			path = tabs;
			sourceTree = "<group>";
		};
		11EDE7542443492D008DC504 = {
			isa = PBXGroup;
			children = (
				11EDE75F2443492D008DC504 /* Planetary Manager */,
				11EDE75E2443492D008DC504 /* Products */,
				11EDE77424434A46008DC504 /* Frameworks */,
			);
			sourceTree = "<group>";
		};
		11EDE75E2443492D008DC504 /* Products */ = {
			isa = PBXGroup;
			children = (
				11EDE75D2443492D008DC504 /* Planetary Manager.app */,
			);
			name = Products;
			sourceTree = "<group>";
		};
		11EDE75F2443492D008DC504 /* Planetary Manager */ = {
			isa = PBXGroup;
			children = (
				11A73B902450AAE700063119 /* tabs */,
				11EDE7602443492D008DC504 /* AppDelegate.swift */,
				11EDE7622443492D008DC504 /* SceneDelegate.swift */,
				11EDE7642443492D008DC504 /* ContentView.swift */,
				11EDE7662443492E008DC504 /* Assets.xcassets */,
				11EDE76B2443492E008DC504 /* LaunchScreen.storyboard */,
				11EDE76E2443492E008DC504 /* Info.plist */,
				11EDE7682443492E008DC504 /* Preview Content */,
			);
			path = "Planetary Manager";
			sourceTree = "<group>";
		};
		11EDE7682443492E008DC504 /* Preview Content */ = {
			isa = PBXGroup;
			children = (
				11EDE7692443492E008DC504 /* Preview Assets.xcassets */,
			);
			path = "Preview Content";
			sourceTree = "<group>";
		};
		11EDE77424434A46008DC504 /* Frameworks */ = {
			isa = PBXGroup;
			children = (
				11EDE77524434A46008DC504 /* SharedCode.framework */,
			);
			name = Frameworks;
			sourceTree = "<group>";
		};
/* End PBXGroup section */

/* Begin PBXNativeTarget section */
		11EDE75C2443492D008DC504 /* Planetary Manager */ = {
			isa = PBXNativeTarget;
			buildConfigurationList = 11EDE7712443492E008DC504 /* Build configuration list for PBXNativeTarget "Planetary Manager" */;
			buildPhases = (
				11EDE77924434AA0008DC504 /* Generate KMP */,
				11EDE7592443492D008DC504 /* Sources */,
				11EDE75A2443492D008DC504 /* Frameworks */,
				11EDE75B2443492D008DC504 /* Resources */,
				11EDE77824434A46008DC504 /* Embed Frameworks */,
			);
			buildRules = (
			);
			dependencies = (
			);
			name = "Planetary Manager";
			productName = "Planetary Manager";
			productReference = 11EDE75D2443492D008DC504 /* Planetary Manager.app */;
			productType = "com.apple.product-type.application";
		};
/* End PBXNativeTarget section */

/* Begin PBXProject section */
		11EDE7552443492D008DC504 /* Project object */ = {
			isa = PBXProject;
			attributes = {
				LastSwiftUpdateCheck = 1140;
				LastUpgradeCheck = 1140;
				ORGANIZATIONNAME = "Никита";
				TargetAttributes = {
					11EDE75C2443492D008DC504 = {
						CreatedOnToolsVersion = 11.4;
					};
				};
			};
			buildConfigurationList = 11EDE7582443492D008DC504 /* Build configuration list for PBXProject "Planetary Manager" */;
			compatibilityVersion = "Xcode 9.3";
			developmentRegion = en;
			hasScannedForEncodings = 0;
			knownRegions = (
				en,
				Base,
			);
			mainGroup = 11EDE7542443492D008DC504;
			productRefGroup = 11EDE75E2443492D008DC504 /* Products */;
			projectDirPath = "";
			projectRoot = "";
			targets = (
				11EDE75C2443492D008DC504 /* Planetary Manager */,
			);
		};
/* End PBXProject section */

/* Begin PBXResourcesBuildPhase section */
		11EDE75B2443492D008DC504 /* Resources */ = {
			isa = PBXResourcesBuildPhase;
			buildActionMask = 2147483647;
			files = (
				11EDE76D2443492E008DC504 /* LaunchScreen.storyboard in Resources */,
				11EDE76A2443492E008DC504 /* Preview Assets.xcassets in Resources */,
				11EDE7672443492E008DC504 /* Assets.xcassets in Resources */,
			);
			runOnlyForDeploymentPostprocessing = 0;
		};
/* End PBXResourcesBuildPhase section */

/* Begin PBXShellScriptBuildPhase section */
		11EDE77924434AA0008DC504 /* Generate KMP */ = {
			isa = PBXShellScriptBuildPhase;
			buildActionMask = 2147483647;
			files = (
			);
			inputFileListPaths = (
			);
			inputPaths = (
			);
			name = "Generate KMP";
			outputFileListPaths = (
			);
			outputPaths = (
			);
			runOnlyForDeploymentPostprocessing = 0;
			shellPath = /bin/sh;
			shellScript = "cd \"$SRCROOT/../../SharedCode/build/xcode-frameworks\"\n./gradlew :SharedCode:packForXCode -PXCODE_CONFIGURATION=${CONFIGURATION}\n";
		};
/* End PBXShellScriptBuildPhase section */

/* Begin PBXSourcesBuildPhase section */
		11EDE7592443492D008DC504 /* Sources */ = {
			isa = PBXSourcesBuildPhase;
			buildActionMask = 2147483647;
			files = (
				11A73B942450AB1200063119 /* MyPlanets.swift in Sources */,
				11A73B982450AB7100063119 /* Market.swift in Sources */,
				11A73B962450AB5900063119 /* Resources.swift in Sources */,
				11A73B9A2450AB8700063119 /* Profile.swift in Sources */,
				11EDE7612443492D008DC504 /* AppDelegate.swift in Sources */,
				11EDE7632443492D008DC504 /* SceneDelegate.swift in Sources */,
				11EDE7652443492D008DC504 /* ContentView.swift in Sources */,
			);
			runOnlyForDeploymentPostprocessing = 0;
		};
/* End PBXSourcesBuildPhase section */

/* Begin PBXVariantGroup section */
		11EDE76B2443492E008DC504 /* LaunchScreen.storyboard */ = {
			isa = PBXVariantGroup;
			children = (
				11EDE76C2443492E008DC504 /* Base */,
			);
			name = LaunchScreen.storyboard;
			sourceTree = "<group>";
		};
/* End PBXVariantGroup section */

/* Begin XCBuildConfiguration section */
		11EDE76F2443492E008DC504 /* Debug */ = {
			isa = XCBuildConfiguration;
			buildSettings = {
				ALWAYS_SEARCH_USER_PATHS = NO;
				CLANG_ANALYZER_NONNULL = YES;
				CLANG_ANALYZER_NUMBER_OBJECT_CONVERSION = YES_AGGRESSIVE;
				CLANG_CXX_LANGUAGE_STANDARD = "gnu++14";
				CLANG_CXX_LIBRARY = "libc++";
				CLANG_ENABLE_MODULES = YES;
				CLANG_ENABLE_OBJC_ARC = YES;
				CLANG_ENABLE_OBJC_WEAK = YES;
				CLANG_WARN_BLOCK_CAPTURE_AUTORELEASING = YES;
				CLANG_WARN_BOOL_CONVERSION = YES;
				CLANG_WARN_COMMA = YES;
				CLANG_WARN_CONSTANT_CONVERSION = YES;
				CLANG_WARN_DEPRECATED_OBJC_IMPLEMENTATIONS = YES;
				CLANG_WARN_DIRECT_OBJC_ISA_USAGE = YES_ERROR;
				CLANG_WARN_DOCUMENTATION_COMMENTS = YES;
				CLANG_WARN_EMPTY_BODY = YES;
				CLANG_WARN_ENUM_CONVERSION = YES;
				CLANG_WARN_INFINITE_RECURSION = YES;
				CLANG_WARN_INT_CONVERSION = YES;
				CLANG_WARN_NON_LITERAL_NULL_CONVERSION = YES;
				CLANG_WARN_OBJC_IMPLICIT_RETAIN_SELF = YES;
				CLANG_WARN_OBJC_LITERAL_CONVERSION = YES;
				CLANG_WARN_OBJC_ROOT_CLASS = YES_ERROR;
				CLANG_WARN_RANGE_LOOP_ANALYSIS = YES;
				CLANG_WARN_STRICT_PROTOTYPES = YES;
				CLANG_WARN_SUSPICIOUS_MOVE = YES;
				CLANG_WARN_UNGUARDED_AVAILABILITY = YES_AGGRESSIVE;
				CLANG_WARN_UNREACHABLE_CODE = YES;
				CLANG_WARN__DUPLICATE_METHOD_MATCH = YES;
				COPY_PHASE_STRIP = NO;
				DEBUG_INFORMATION_FORMAT = dwarf;
				ENABLE_STRICT_OBJC_MSGSEND = YES;
				ENABLE_TESTABILITY = YES;
				GCC_C_LANGUAGE_STANDARD = gnu11;
				GCC_DYNAMIC_NO_PIC = NO;
				GCC_NO_COMMON_BLOCKS = YES;
				GCC_OPTIMIZATION_LEVEL = 0;
				GCC_PREPROCESSOR_DEFINITIONS = (
					"DEBUG=1",
					"$(inherited)",
				);
				GCC_WARN_64_TO_32_BIT_CONVERSION = YES;
				GCC_WARN_ABOUT_RETURN_TYPE = YES_ERROR;
				GCC_WARN_UNDECLARED_SELECTOR = YES;
				GCC_WARN_UNINITIALIZED_AUTOS = YES_AGGRESSIVE;
				GCC_WARN_UNUSED_FUNCTION = YES;
				GCC_WARN_UNUSED_VARIABLE = YES;
				IPHONEOS_DEPLOYMENT_TARGET = 13.4;
				MTL_ENABLE_DEBUG_INFO = INCLUDE_SOURCE;
				MTL_FAST_MATH = YES;
				ONLY_ACTIVE_ARCH = YES;
				SDKROOT = iphoneos;
				SWIFT_ACTIVE_COMPILATION_CONDITIONS = DEBUG;
				SWIFT_OPTIMIZATION_LEVEL = "-Onone";
			};
			name = Debug;
		};
		11EDE7702443492E008DC504 /* Release */ = {
			isa = XCBuildConfiguration;
			buildSettings = {
				ALWAYS_SEARCH_USER_PATHS = NO;
				CLANG_ANALYZER_NONNULL = YES;
				CLANG_ANALYZER_NUMBER_OBJECT_CONVERSION = YES_AGGRESSIVE;
				CLANG_CXX_LANGUAGE_STANDARD = "gnu++14";
				CLANG_CXX_LIBRARY = "libc++";
				CLANG_ENABLE_MODULES = YES;
				CLANG_ENABLE_OBJC_ARC = YES;
				CLANG_ENABLE_OBJC_WEAK = YES;
				CLANG_WARN_BLOCK_CAPTURE_AUTORELEASING = YES;
				CLANG_WARN_BOOL_CONVERSION = YES;
				CLANG_WARN_COMMA = YES;
				CLANG_WARN_CONSTANT_CONVERSION = YES;
				CLANG_WARN_DEPRECATED_OBJC_IMPLEMENTATIONS = YES;
				CLANG_WARN_DIRECT_OBJC_ISA_USAGE = YES_ERROR;
				CLANG_WARN_DOCUMENTATION_COMMENTS = YES;
				CLANG_WARN_EMPTY_BODY = YES;
				CLANG_WARN_ENUM_CONVERSION = YES;
				CLANG_WARN_INFINITE_RECURSION = YES;
				CLANG_WARN_INT_CONVERSION = YES;
				CLANG_WARN_NON_LITERAL_NULL_CONVERSION = YES;
				CLANG_WARN_OBJC_IMPLICIT_RETAIN_SELF = YES;
				CLANG_WARN_OBJC_LITERAL_CONVERSION = YES;
				CLANG_WARN_OBJC_ROOT_CLASS = YES_ERROR;
				CLANG_WARN_RANGE_LOOP_ANALYSIS = YES;
				CLANG_WARN_STRICT_PROTOTYPES = YES;
				CLANG_WARN_SUSPICIOUS_MOVE = YES;
				CLANG_WARN_UNGUARDED_AVAILABILITY = YES_AGGRESSIVE;
				CLANG_WARN_UNREACHABLE_CODE = YES;
				CLANG_WARN__DUPLICATE_METHOD_MATCH = YES;
				COPY_PHASE_STRIP = NO;
				DEBUG_INFORMATION_FORMAT = "dwarf-with-dsym";
				ENABLE_NS_ASSERTIONS = NO;
				ENABLE_STRICT_OBJC_MSGSEND = YES;
				GCC_C_LANGUAGE_STANDARD = gnu11;
				GCC_NO_COMMON_BLOCKS = YES;
				GCC_WARN_64_TO_32_BIT_CONVERSION = YES;
				GCC_WARN_ABOUT_RETURN_TYPE = YES_ERROR;
				GCC_WARN_UNDECLARED_SELECTOR = YES;
				GCC_WARN_UNINITIALIZED_AUTOS = YES_AGGRESSIVE;
				GCC_WARN_UNUSED_FUNCTION = YES;
				GCC_WARN_UNUSED_VARIABLE = YES;
				IPHONEOS_DEPLOYMENT_TARGET = 13.4;
				MTL_ENABLE_DEBUG_INFO = NO;
				MTL_FAST_MATH = YES;
				SDKROOT = iphoneos;
				SWIFT_COMPILATION_MODE = wholemodule;
				SWIFT_OPTIMIZATION_LEVEL = "-O";
				VALIDATE_PRODUCT = YES;
			};
			name = Release;
		};
		11EDE7722443492E008DC504 /* Debug */ = {
			isa = XCBuildConfiguration;
			buildSettings = {
				ASSETCATALOG_COMPILER_APPICON_NAME = AppIcon;
				CODE_SIGN_STYLE = Automatic;
				DEVELOPMENT_ASSET_PATHS = "\"Planetary Manager/Preview Content\"";
				ENABLE_PREVIEWS = YES;
				FRAMEWORK_SEARCH_PATHS = "/Users/nikita/Documents/project/android/PlanetaryManagerKmp/SharedCode/build/xcode-frameworks/";
				INFOPLIST_FILE = "Planetary Manager/Info.plist";
				LD_RUNPATH_SEARCH_PATHS = (
					"$(inherited)",
					"@executable_path/Frameworks",
				);
				PRODUCT_BUNDLE_IDENTIFIER = "com.ng.Planetary-Manager";
				PRODUCT_NAME = "$(TARGET_NAME)";
				SWIFT_VERSION = 5.0;
				TARGETED_DEVICE_FAMILY = "1,2";
			};
			name = Debug;
		};
		11EDE7732443492E008DC504 /* Release */ = {
			isa = XCBuildConfiguration;
			buildSettings = {
				ASSETCATALOG_COMPILER_APPICON_NAME = AppIcon;
				CODE_SIGN_STYLE = Automatic;
				DEVELOPMENT_ASSET_PATHS = "\"Planetary Manager/Preview Content\"";
				ENABLE_PREVIEWS = YES;
				FRAMEWORK_SEARCH_PATHS = "/Users/nikita/Documents/project/android/PlanetaryManagerKmp/SharedCode/build/xcode-frameworks/";
				INFOPLIST_FILE = "Planetary Manager/Info.plist";
				LD_RUNPATH_SEARCH_PATHS = (
					"$(inherited)",
					"@executable_path/Frameworks",
				);
				PRODUCT_BUNDLE_IDENTIFIER = "com.ng.Planetary-Manager";
				PRODUCT_NAME = "$(TARGET_NAME)";
				SWIFT_VERSION = 5.0;
				TARGETED_DEVICE_FAMILY = "1,2";
			};
			name = Release;
		};
/* End XCBuildConfiguration section */

/* Begin XCConfigurationList section */
		11EDE7582443492D008DC504 /* Build configuration list for PBXProject "Planetary Manager" */ = {
			isa = XCConfigurationList;
			buildConfigurations = (
				11EDE76F2443492E008DC504 /* Debug */,
				11EDE7702443492E008DC504 /* Release */,
			);
			defaultConfigurationIsVisible = 0;
			defaultConfigurationName = Release;
		};
		11EDE7712443492E008DC504 /* Build configuration list for PBXNativeTarget "Planetary Manager" */ = {
			isa = XCConfigurationList;
			buildConfigurations = (
				11EDE7722443492E008DC504 /* Debug */,
				11EDE7732443492E008DC504 /* Release */,
			);
			defaultConfigurationIsVisible = 0;
			defaultConfigurationName = Release;
		};
/* End XCConfigurationList section */
	};
	rootObject = 11EDE7552443492D008DC504 /* Project object */;
}
